
Microsoft Visual Studio Solution File, Format Version 12.00
# Visual Studio Version 16
VisualStudioVersion = 16.0.31313.79
MinimumVisualStudioVersion = 10.0.40219.1
Project("{9A19103F-16F7-4668-BE54-9A1E7A4F7556}") = "SeleniumForInfoCamere", "SeleniumForInfoCamere.csproj", "{65B3F786-9E61-49A2-98D6-7DE53F0F931A}"
EndProject
Project("{FAE04EC0-301F-11D3-BF4B-00C04F79EFBC}") = "Test_SeleniumInfocamerfe", "..\Test_SeleniumInfocamerfe\Test_SeleniumInfocamerfe.csproj", "{62EFF7D6-8FD5-4CDE-BB55-C4F564710B38}"
EndProject
Global
	GlobalSection(SolutionConfigurationPlatforms) = preSolution
		Debug|Any CPU = Debug|Any CPU
		Release|Any CPU = Release|Any CPU
	EndGlobalSection
	GlobalSection(ProjectConfigurationPlatforms) = postSolution
		{65B3F786-9E61-49A2-98D6-7DE53F0F931A}.Debug|Any CPU.ActiveCfg = Debug|Any CPU
		{65B3F786-9E61-49A2-98D6-7DE53F0F931A}.Debug|Any CPU.Build.0 = Debug|Any CPU
		{65B3F786-9E61-49A2-98D6-7DE53F0F931A}.Release|Any CPU.ActiveCfg = Release|Any CPU
		{65B3F786-9E61-49A2-98D6-7DE53F0F931A}.Release|Any CPU.Build.0 = Release|Any CPU
		{62EFF7D6-8FD5-4CDE-BB55-C4F564710B38}.Debug|Any CPU.ActiveCfg = Debug|Any CPU
		{62EFF7D6-8FD5-4CDE-BB55-C4F564710B38}.Debug|Any CPU.Build.0 = Debug|Any CPU
		{62EFF7D6-8FD5-4CDE-BB55-C4F564710B38}.Release|Any CPU.ActiveCfg = Release|Any CPU
		{62EFF7D6-8FD5-4CDE-BB55-C4F564710B38}.Release|Any CPU.Build.0 = Release|Any CPU
	EndGlobalSection
	GlobalSection(SolutionProperties) = preSolution
		HideSolutionNode = FALSE
	EndGlobalSection
	GlobalSection(ExtensibilityGlobals) = postSolution
		SolutionGuid = {D071BD86-3F33-423E-94D7-5DEEC5606448}
	EndGlobalSection
EndGlobal
